# This file was autogenerated by Stack.
# You should not edit this file by hand.
# For more information, please see the documentation at:
#   https://docs.haskellstack.org/en/stable/lock_files

packages: []
snapshots:
- completed:
    size: 520055
    url: https://raw.githubusercontent.com/commercialhaskell/stackage-snapshots/master/nightly/2022/3/26.yaml
    sha256: 5b990d61deb188d2b776881dd043abe4b8bab5112942f2809789903a00bd8a7b
  original: nightly-2022-03-26
