# This file was autogenerated by Stack.
# You should not edit this file by hand.
# For more information, please see the documentation at:
#   https://docs.haskellstack.org/en/stable/lock_files

packages: []
snapshots:
- completed:
    sha256: 859c14182cd0c4d1f9b0f7ff8baaefb15c778278fb0ea2fa90cfea326bb4e62c
    size: 598563
    url: https://raw.githubusercontent.com/commercialhaskell/stackage-snapshots/master/nightly/2023/2/27.yaml
  original: nightly-2023-02-27
